{
  "name": "jwks-worker",
  "version": "1.0.0",
  "lockfileVersion": 3,
  "requires": true,
  "packages": {
    "": {
      "name": "jwks-worker",
      "version": "1.0.0",
      "license": "ISC",
      "dependencies": {
        "jose": "^6.2.7"
      }
    },
    "node_modules/jose": {
      "version": "6.2.7",
      "resolved": "https://registry.npmjs.org/jose/-/jose-6.2.7.tgz",
      "integrity": "sha512-hq1OB1bALKfydZNoViyg6hPVGV4i93ny9Op+n4zP5RSf7SCZEXa/TsG2O3IEr7+WlHRTPnpqDmHfMH6qXAD60w==",
      "license": "MIT",
      "funding": {
        "url": "https://github.com/sponsors/panva"
      }
    }
  }
}
